<Solution>
  <Folder Name="/Solution Items/">
    <File Path=".editorconfig" />
    <File Path=".github/copilot-instructions.md" />
    <File Path=".github/workflows/ci-pipeline.yml" />
    <File Path=".gitignore" />
    <File Path="CONTRIBUTING.md" />
    <File Path="Directory.Build.props" />
    <File Path="Directory.Build.targets" />
    <File Path="Directory.Packages.props" />
    <File Path="Documentation/Coverlet.MTP.Integration.md" />
    <File Path="global.json" />
    <File Path="LICENSE" />
    <File Path="README.md" />
    <File Path="THIRD-PARTY-NOTICES.txt" />
  </Folder>
  <Folder Name="/src/">
    <Project Path="src/coverlet.core/coverlet.core.csproj" />
    <Project Path="src/coverlet.template/coverlet.template.csproj" />
    <Project Path="src/coverlet.MTP/coverlet.MTP.csproj" />
  </Folder>
  <Folder Name="/test/">
    <Project Path="test/coverlet.core.coverage.tests/coverlet.core.coverage.tests.csproj" />
    <Project Path="test/coverlet.core.tests.samples.netstandard/coverlet.core.tests.samples.netstandard.csproj" />
    <Project Path="test/coverlet.core.tests/coverlet.core.tests.csproj" />
    <Project Path="test/coverlet.MTP.tests/coverlet.MTP.tests.csproj" />
    <Project Path="test/coverlet.MTP.validation.tests/coverlet.MTP.validation.tests.csproj" />
    <Project Path="test/coverlet.tests.projectsample.empty/coverlet.tests.projectsample.empty.csproj" />
    <Project Path="test/coverlet.tests.projectsample.excludedbyattribute/coverlet.tests.projectsample.excludedbyattribute.csproj" />
    <Project Path="test/coverlet.tests.projectsample.fsharp/coverlet.tests.projectsample.fsharp.fsproj" />
    <Project Path="test/coverlet.tests.projectsample.netframework/coverlet.tests.projectsample.netframework.csproj" />
    <Project Path="test/coverlet.tests.projectsample.vbmynamespace/coverlet.tests.projectsample.vbmynamespace.vbproj" />
    <Project Path="test/coverlet.tests.utils/coverlet.tests.utils.csproj" />
  </Folder>
  <Folder Name="/test/Build/">
    <File Path="test/Directory.Build.props" />
  </Folder>
</Solution>
