
Microsoft Visual Studio Solution File, Format Version 12.00
# Visual Studio Version 16
VisualStudioVersion = 16.0.28902.138
MinimumVisualStudioVersion = 15.0.26124.0
Project("{2150E333-8FDC-42A3-9474-1A3956D46DE8}") = "src", "src", "{E877EBA4-E78B-4F7D-A2D3-1E070FED04CD}"
EndProject
Project("{9A19103F-16F7-4668-BE54-9A1E7A4F7556}") = "coverlet.core", "src\coverlet.core\coverlet.core.csproj", "{31084026-D563-4B91-BE71-174C4270CCF4}"
EndProject
Project("{9A19103F-16F7-4668-BE54-9A1E7A4F7556}") = "coverlet.msbuild.tasks", "src\coverlet.msbuild.tasks\coverlet.msbuild.tasks.csproj", "{FA73E423-9790-4F35-B018-3C4E3CA338BA}"
EndProject
Project("{2150E333-8FDC-42A3-9474-1A3956D46DE8}") = "test", "test", "{2FEBDE1B-83E3-445B-B9F8-5644B0E0E134}"
EndProject
Project("{9A19103F-16F7-4668-BE54-9A1E7A4F7556}") = "coverlet.core.tests", "test\coverlet.core.tests\coverlet.core.tests.csproj", "{E7637CC6-43F7-461A-A0BF-3C14562419BD}"
EndProject
Project("{9A19103F-16F7-4668-BE54-9A1E7A4F7556}") = "coverlet.console", "src\coverlet.console\coverlet.console.csproj", "{F3DBE7C3-ABBB-4B8B-A6CB-A1D3D607163E}"
EndProject
Project("{9A19103F-16F7-4668-BE54-9A1E7A4F7556}") = "coverlet.testsubject", "test\coverlet.testsubject\coverlet.testsubject.csproj", "{AE117FAA-C21D-4F23-917E-0C8050614750}"
EndProject
Project("{9A19103F-16F7-4668-BE54-9A1E7A4F7556}") = "coverlet.core.performancetest", "test\coverlet.core.performancetest\coverlet.core.performancetest.csproj", "{C68CF6DE-F86C-4BCF-BAB9-7A60C320E1F9}"
EndProject
Project("{9A19103F-16F7-4668-BE54-9A1E7A4F7556}") = "coverlet.collector", "src\coverlet.collector\coverlet.collector.csproj", "{F5B2C45B-274B-43D6-9565-8B50659CFE56}"
EndProject
Project("{9A19103F-16F7-4668-BE54-9A1E7A4F7556}") = "coverlet.collector.tests", "test\coverlet.collector.tests\coverlet.collector.tests.csproj", "{5ED4FA81-8F8C-4211-BA88-7573BD63262E}"
EndProject
Project("{9A19103F-16F7-4668-BE54-9A1E7A4F7556}") = "coverlet.tests.projectsample.empty", "test\coverlet.tests.projectsample.empty\coverlet.tests.projectsample.empty.csproj", "{085A3AFB-C086-4E98-86F1-1B481446EC5E}"
EndProject
Project("{2150E333-8FDC-42A3-9474-1A3956D46DE8}") = "Solution Items", "Solution Items", "{77A15177-8262-488F-AF2B-91B9055715DA}"
	ProjectSection(SolutionItems) = preProject
		.gitignore = .gitignore
		eng\azure-pipelines-nightly.yml = eng\azure-pipelines-nightly.yml
		eng\azure-pipelines.yml = eng\azure-pipelines.yml
		eng\build.yml = eng\build.yml
		DeterministicBuild.targets = DeterministicBuild.targets
		Directory.Build.props = Directory.Build.props
		Directory.Build.targets = Directory.Build.targets
		global.json = global.json
	EndProjectSection
EndProject
Project("{9A19103F-16F7-4668-BE54-9A1E7A4F7556}") = "coverlet.tests.projectsample.excludedbyattribute", "test\coverlet.tests.projectsample.excludedbyattribute\coverlet.tests.projectsample.excludedbyattribute.csproj", "{D6B14F2F-9E7D-4D2C-BAC8-48834F853ED6}"
EndProject
Project("{9A19103F-16F7-4668-BE54-9A1E7A4F7556}") = "coverlet.integration.tests", "test\coverlet.integration.tests\coverlet.integration.tests.csproj", "{99B4059C-B25C-4B82-8117-A0E9DC9B0949}"
EndProject
Project("{9A19103F-16F7-4668-BE54-9A1E7A4F7556}") = "coverlet.integration.template", "test\coverlet.integration.template\coverlet.integration.template.csproj", "{F6FE7678-C662-43D3-AC6A-64F6AC5A5935}"
EndProject
Project("{9A19103F-16F7-4668-BE54-9A1E7A4F7556}") = "coverlet.core.tests.samples.netstandard", "test\coverlet.core.tests.samples.netstandard\coverlet.core.tests.samples.netstandard.csproj", "{5FF404AD-7C0B-465A-A1E9-558CDC642B0C}"
EndProject
Project("{9A19103F-16F7-4668-BE54-9A1E7A4F7556}") = "coverlet.tests.xunit.extensions", "test\coverlet.tests.xunit.extensions\coverlet.tests.xunit.extensions.csproj", "{F8199E19-FA9A-4559-9101-CAD7028121B4}"
EndProject
Project("{2150E333-8FDC-42A3-9474-1A3956D46DE8}") = "Build", "Build", "{9A8B19D4-4A24-4217-AEFE-159B68F029A1}"
	ProjectSection(SolutionItems) = preProject
		test\Directory.Build.props = test\Directory.Build.props
		test\Directory.Build.targets = test\Directory.Build.targets
	EndProjectSection
EndProject
Global
	GlobalSection(SolutionConfigurationPlatforms) = preSolution
		Debug|Any CPU = Debug|Any CPU
		Release|Any CPU = Release|Any CPU
	EndGlobalSection
	GlobalSection(ProjectConfigurationPlatforms) = postSolution
		{31084026-D563-4B91-BE71-174C4270CCF4}.Debug|Any CPU.ActiveCfg = Debug|Any CPU
		{31084026-D563-4B91-BE71-174C4270CCF4}.Debug|Any CPU.Build.0 = Debug|Any CPU
		{31084026-D563-4B91-BE71-174C4270CCF4}.Release|Any CPU.ActiveCfg = Release|Any CPU
		{31084026-D563-4B91-BE71-174C4270CCF4}.Release|Any CPU.Build.0 = Release|Any CPU
		{FA73E423-9790-4F35-B018-3C4E3CA338BA}.Debug|Any CPU.ActiveCfg = Debug|Any CPU
		{FA73E423-9790-4F35-B018-3C4E3CA338BA}.Debug|Any CPU.Build.0 = Debug|Any CPU
		{FA73E423-9790-4F35-B018-3C4E3CA338BA}.Release|Any CPU.ActiveCfg = Release|Any CPU
		{FA73E423-9790-4F35-B018-3C4E3CA338BA}.Release|Any CPU.Build.0 = Release|Any CPU
		{E7637CC6-43F7-461A-A0BF-3C14562419BD}.Debug|Any CPU.ActiveCfg = Debug|Any CPU
		{E7637CC6-43F7-461A-A0BF-3C14562419BD}.Debug|Any CPU.Build.0 = Debug|Any CPU
		{E7637CC6-43F7-461A-A0BF-3C14562419BD}.Release|Any CPU.ActiveCfg = Release|Any CPU
		{E7637CC6-43F7-461A-A0BF-3C14562419BD}.Release|Any CPU.Build.0 = Release|Any CPU
		{F3DBE7C3-ABBB-4B8B-A6CB-A1D3D607163E}.Debug|Any CPU.ActiveCfg = Debug|Any CPU
		{F3DBE7C3-ABBB-4B8B-A6CB-A1D3D607163E}.Debug|Any CPU.Build.0 = Debug|Any CPU
		{F3DBE7C3-ABBB-4B8B-A6CB-A1D3D607163E}.Release|Any CPU.ActiveCfg = Release|Any CPU
		{F3DBE7C3-ABBB-4B8B-A6CB-A1D3D607163E}.Release|Any CPU.Build.0 = Release|Any CPU
		{AE117FAA-C21D-4F23-917E-0C8050614750}.Debug|Any CPU.ActiveCfg = Debug|Any CPU
		{AE117FAA-C21D-4F23-917E-0C8050614750}.Debug|Any CPU.Build.0 = Debug|Any CPU
		{AE117FAA-C21D-4F23-917E-0C8050614750}.Release|Any CPU.ActiveCfg = Release|Any CPU
		{AE117FAA-C21D-4F23-917E-0C8050614750}.Release|Any CPU.Build.0 = Release|Any CPU
		{C68CF6DE-F86C-4BCF-BAB9-7A60C320E1F9}.Debug|Any CPU.ActiveCfg = Debug|Any CPU
		{C68CF6DE-F86C-4BCF-BAB9-7A60C320E1F9}.Debug|Any CPU.Build.0 = Debug|Any CPU
		{C68CF6DE-F86C-4BCF-BAB9-7A60C320E1F9}.Release|Any CPU.ActiveCfg = Release|Any CPU
		{C68CF6DE-F86C-4BCF-BAB9-7A60C320E1F9}.Release|Any CPU.Build.0 = Release|Any CPU
		{F5B2C45B-274B-43D6-9565-8B50659CFE56}.Debug|Any CPU.ActiveCfg = Debug|Any CPU
		{F5B2C45B-274B-43D6-9565-8B50659CFE56}.Debug|Any CPU.Build.0 = Debug|Any CPU
		{F5B2C45B-274B-43D6-9565-8B50659CFE56}.Release|Any CPU.ActiveCfg = Release|Any CPU
		{F5B2C45B-274B-43D6-9565-8B50659CFE56}.Release|Any CPU.Build.0 = Release|Any CPU
		{5ED4FA81-8F8C-4211-BA88-7573BD63262E}.Debug|Any CPU.ActiveCfg = Debug|Any CPU
		{5ED4FA81-8F8C-4211-BA88-7573BD63262E}.Debug|Any CPU.Build.0 = Debug|Any CPU
		{5ED4FA81-8F8C-4211-BA88-7573BD63262E}.Release|Any CPU.ActiveCfg = Release|Any CPU
		{5ED4FA81-8F8C-4211-BA88-7573BD63262E}.Release|Any CPU.Build.0 = Release|Any CPU
		{085A3AFB-C086-4E98-86F1-1B481446EC5E}.Debug|Any CPU.ActiveCfg = Debug|Any CPU
		{085A3AFB-C086-4E98-86F1-1B481446EC5E}.Debug|Any CPU.Build.0 = Debug|Any CPU
		{085A3AFB-C086-4E98-86F1-1B481446EC5E}.Release|Any CPU.ActiveCfg = Release|Any CPU
		{085A3AFB-C086-4E98-86F1-1B481446EC5E}.Release|Any CPU.Build.0 = Release|Any CPU
		{D6B14F2F-9E7D-4D2C-BAC8-48834F853ED6}.Debug|Any CPU.ActiveCfg = Debug|Any CPU
		{D6B14F2F-9E7D-4D2C-BAC8-48834F853ED6}.Debug|Any CPU.Build.0 = Debug|Any CPU
		{D6B14F2F-9E7D-4D2C-BAC8-48834F853ED6}.Release|Any CPU.ActiveCfg = Release|Any CPU
		{D6B14F2F-9E7D-4D2C-BAC8-48834F853ED6}.Release|Any CPU.Build.0 = Release|Any CPU
		{99B4059C-B25C-4B82-8117-A0E9DC9B0949}.Debug|Any CPU.ActiveCfg = Debug|Any CPU
		{99B4059C-B25C-4B82-8117-A0E9DC9B0949}.Debug|Any CPU.Build.0 = Debug|Any CPU
		{99B4059C-B25C-4B82-8117-A0E9DC9B0949}.Release|Any CPU.ActiveCfg = Release|Any CPU
		{99B4059C-B25C-4B82-8117-A0E9DC9B0949}.Release|Any CPU.Build.0 = Release|Any CPU
		{F6FE7678-C662-43D3-AC6A-64F6AC5A5935}.Debug|Any CPU.ActiveCfg = Debug|Any CPU
		{F6FE7678-C662-43D3-AC6A-64F6AC5A5935}.Debug|Any CPU.Build.0 = Debug|Any CPU
		{F6FE7678-C662-43D3-AC6A-64F6AC5A5935}.Release|Any CPU.ActiveCfg = Release|Any CPU
		{F6FE7678-C662-43D3-AC6A-64F6AC5A5935}.Release|Any CPU.Build.0 = Release|Any CPU
		{5FF404AD-7C0B-465A-A1E9-558CDC642B0C}.Debug|Any CPU.ActiveCfg = Debug|Any CPU
		{5FF404AD-7C0B-465A-A1E9-558CDC642B0C}.Debug|Any CPU.Build.0 = Debug|Any CPU
		{5FF404AD-7C0B-465A-A1E9-558CDC642B0C}.Release|Any CPU.ActiveCfg = Release|Any CPU
		{5FF404AD-7C0B-465A-A1E9-558CDC642B0C}.Release|Any CPU.Build.0 = Release|Any CPU
		{F8199E19-FA9A-4559-9101-CAD7028121B4}.Debug|Any CPU.ActiveCfg = Debug|Any CPU
		{F8199E19-FA9A-4559-9101-CAD7028121B4}.Debug|Any CPU.Build.0 = Debug|Any CPU
		{F8199E19-FA9A-4559-9101-CAD7028121B4}.Release|Any CPU.ActiveCfg = Release|Any CPU
		{F8199E19-FA9A-4559-9101-CAD7028121B4}.Release|Any CPU.Build.0 = Release|Any CPU
	EndGlobalSection
	GlobalSection(SolutionProperties) = preSolution
		HideSolutionNode = FALSE
	EndGlobalSection
	GlobalSection(NestedProjects) = preSolution
		{31084026-D563-4B91-BE71-174C4270CCF4} = {E877EBA4-E78B-4F7D-A2D3-1E070FED04CD}
		{FA73E423-9790-4F35-B018-3C4E3CA338BA} = {E877EBA4-E78B-4F7D-A2D3-1E070FED04CD}
		{E7637CC6-43F7-461A-A0BF-3C14562419BD} = {2FEBDE1B-83E3-445B-B9F8-5644B0E0E134}
		{F3DBE7C3-ABBB-4B8B-A6CB-A1D3D607163E} = {E877EBA4-E78B-4F7D-A2D3-1E070FED04CD}
		{AE117FAA-C21D-4F23-917E-0C8050614750} = {2FEBDE1B-83E3-445B-B9F8-5644B0E0E134}
		{C68CF6DE-F86C-4BCF-BAB9-7A60C320E1F9} = {2FEBDE1B-83E3-445B-B9F8-5644B0E0E134}
		{F5B2C45B-274B-43D6-9565-8B50659CFE56} = {E877EBA4-E78B-4F7D-A2D3-1E070FED04CD}
		{5ED4FA81-8F8C-4211-BA88-7573BD63262E} = {2FEBDE1B-83E3-445B-B9F8-5644B0E0E134}
		{085A3AFB-C086-4E98-86F1-1B481446EC5E} = {2FEBDE1B-83E3-445B-B9F8-5644B0E0E134}
		{D6B14F2F-9E7D-4D2C-BAC8-48834F853ED6} = {2FEBDE1B-83E3-445B-B9F8-5644B0E0E134}
		{99B4059C-B25C-4B82-8117-A0E9DC9B0949} = {2FEBDE1B-83E3-445B-B9F8-5644B0E0E134}
		{F6FE7678-C662-43D3-AC6A-64F6AC5A5935} = {2FEBDE1B-83E3-445B-B9F8-5644B0E0E134}
		{5FF404AD-7C0B-465A-A1E9-558CDC642B0C} = {2FEBDE1B-83E3-445B-B9F8-5644B0E0E134}
		{F8199E19-FA9A-4559-9101-CAD7028121B4} = {2FEBDE1B-83E3-445B-B9F8-5644B0E0E134}
		{9A8B19D4-4A24-4217-AEFE-159B68F029A1} = {2FEBDE1B-83E3-445B-B9F8-5644B0E0E134}
	EndGlobalSection
	GlobalSection(ExtensibilityGlobals) = postSolution
		SolutionGuid = {9CA57C02-97B0-4C38-A027-EA61E8741F10}
	EndGlobalSection
EndGlobal
