
Microsoft Visual Studio Solution File, Format Version 12.00
# Visual Studio Version 16
VisualStudioVersion = 16.0.29230.61
MinimumVisualStudioVersion = 15.0.26124.0
Project("{9A19103F-16F7-4668-BE54-9A1E7A4F7556}") = "ClassLibrary1", "ClassLibrary1\ClassLibrary1.csproj", "{4B6E5DCB-C16F-4880-AA97-BC5D01959E49}"
EndProject
Project("{9A19103F-16F7-4668-BE54-9A1E7A4F7556}") = "XUnitTestProject1", "XUnitTestProject1\XUnitTestProject1.csproj", "{39597E4B-23B4-4A6A-A71B-FFBE131A94D6}"
EndProject
Project("{9A19103F-16F7-4668-BE54-9A1E7A4F7556}") = "ClassLibrary2", "ClassLibrary2\ClassLibrary2.csproj", "{973ECB19-5301-4191-9D93-3BEC9D2FCCF6}"
EndProject
Project("{9A19103F-16F7-4668-BE54-9A1E7A4F7556}") = "XUnitTestProject2", "XUnitTestProject2\XUnitTestProject2.csproj", "{6ED65535-CCC9-438E-80D4-1598FB572512}"
EndProject
Project("{2150E333-8FDC-42A3-9474-1A3956D46DE8}") = "Solution Items", "Solution Items", "{5F5E20F4-E34C-48BB-906D-65CF1B55A6AA}"
	ProjectSection(SolutionItems) = preProject
		HowTo.md = HowTo.md
	EndProjectSection
EndProject
Project("{9A19103F-16F7-4668-BE54-9A1E7A4F7556}") = "ClassLibrary3", "ClassLibrary3\ClassLibrary3.csproj", "{2443A7B5-99D5-40EA-9501-CCE80FC8951A}"
EndProject
Project("{9A19103F-16F7-4668-BE54-9A1E7A4F7556}") = "XUnitTestProject3", "XUnitTestProject3\XUnitTestProject3.csproj", "{FE26E5E2-B692-4FF2-86BE-E3E3DC44DA23}"
EndProject
Global
	GlobalSection(SolutionConfigurationPlatforms) = preSolution
		Debug|Any CPU = Debug|Any CPU
		Release|Any CPU = Release|Any CPU
	EndGlobalSection
	GlobalSection(ProjectConfigurationPlatforms) = postSolution
		{4B6E5DCB-C16F-4880-AA97-BC5D01959E49}.Debug|Any CPU.ActiveCfg = Debug|Any CPU
		{4B6E5DCB-C16F-4880-AA97-BC5D01959E49}.Debug|Any CPU.Build.0 = Debug|Any CPU
		{4B6E5DCB-C16F-4880-AA97-BC5D01959E49}.Release|Any CPU.ActiveCfg = Release|Any CPU
		{4B6E5DCB-C16F-4880-AA97-BC5D01959E49}.Release|Any CPU.Build.0 = Release|Any CPU
		{39597E4B-23B4-4A6A-A71B-FFBE131A94D6}.Debug|Any CPU.ActiveCfg = Debug|Any CPU
		{39597E4B-23B4-4A6A-A71B-FFBE131A94D6}.Debug|Any CPU.Build.0 = Debug|Any CPU
		{39597E4B-23B4-4A6A-A71B-FFBE131A94D6}.Release|Any CPU.ActiveCfg = Release|Any CPU
		{39597E4B-23B4-4A6A-A71B-FFBE131A94D6}.Release|Any CPU.Build.0 = Release|Any CPU
		{973ECB19-5301-4191-9D93-3BEC9D2FCCF6}.Debug|Any CPU.ActiveCfg = Debug|Any CPU
		{973ECB19-5301-4191-9D93-3BEC9D2FCCF6}.Debug|Any CPU.Build.0 = Debug|Any CPU
		{973ECB19-5301-4191-9D93-3BEC9D2FCCF6}.Release|Any CPU.ActiveCfg = Release|Any CPU
		{973ECB19-5301-4191-9D93-3BEC9D2FCCF6}.Release|Any CPU.Build.0 = Release|Any CPU
		{6ED65535-CCC9-438E-80D4-1598FB572512}.Debug|Any CPU.ActiveCfg = Debug|Any CPU
		{6ED65535-CCC9-438E-80D4-1598FB572512}.Debug|Any CPU.Build.0 = Debug|Any CPU
		{6ED65535-CCC9-438E-80D4-1598FB572512}.Release|Any CPU.ActiveCfg = Release|Any CPU
		{6ED65535-CCC9-438E-80D4-1598FB572512}.Release|Any CPU.Build.0 = Release|Any CPU
		{2443A7B5-99D5-40EA-9501-CCE80FC8951A}.Debug|Any CPU.ActiveCfg = Debug|Any CPU
		{2443A7B5-99D5-40EA-9501-CCE80FC8951A}.Debug|Any CPU.Build.0 = Debug|Any CPU
		{2443A7B5-99D5-40EA-9501-CCE80FC8951A}.Release|Any CPU.ActiveCfg = Release|Any CPU
		{2443A7B5-99D5-40EA-9501-CCE80FC8951A}.Release|Any CPU.Build.0 = Release|Any CPU
		{FE26E5E2-B692-4FF2-86BE-E3E3DC44DA23}.Debug|Any CPU.ActiveCfg = Debug|Any CPU
		{FE26E5E2-B692-4FF2-86BE-E3E3DC44DA23}.Debug|Any CPU.Build.0 = Debug|Any CPU
		{FE26E5E2-B692-4FF2-86BE-E3E3DC44DA23}.Release|Any CPU.ActiveCfg = Release|Any CPU
		{FE26E5E2-B692-4FF2-86BE-E3E3DC44DA23}.Release|Any CPU.Build.0 = Release|Any CPU
	EndGlobalSection
	GlobalSection(SolutionProperties) = preSolution
		HideSolutionNode = FALSE
	EndGlobalSection
	GlobalSection(ExtensibilityGlobals) = postSolution
		SolutionGuid = {1D8D22CA-6A4F-4F12-87D2-62754F69FF39}
	EndGlobalSection
EndGlobal
